
Microsoft Visual Studio Solution File, Format Version 10.00
# Visual C++ Express 2008
Project("{8BC9CEB8-8B4A-11D0-8D11-00A0C91BC942}") = "CalcStructSum", "CalcStructSum\CalcStructSum.vcproj", "{810BAA7B-1721-40F6-87D4-71D276CE7412}"
EndProject
Global
	GlobalSection(SolutionConfigurationPlatforms) = preSolution
		Debug|Win32 = Debug|Win32
		Release|Win32 = Release|Win32
	EndGlobalSection
	GlobalSection(ProjectConfigurationPlatforms) = postSolution
		{810BAA7B-1721-40F6-87D4-71D276CE7412}.Debug|Win32.ActiveCfg = Debug|Win32
		{810BAA7B-1721-40F6-87D4-71D276CE7412}.Debug|Win32.Build.0 = Debug|Win32
		{810BAA7B-1721-40F6-87D4-71D276CE7412}.Release|Win32.ActiveCfg = Release|Win32
		{810BAA7B-1721-40F6-87D4-71D276CE7412}.Release|Win32.Build.0 = Release|Win32
	EndGlobalSection
	GlobalSection(SolutionProperties) = preSolution
		HideSolutionNode = FALSE
	EndGlobalSection
EndGlobal
