
Microsoft Visual Studio Solution File, Format Version 10.00
# Visual C++ Express 2008
Project("{8BC9CEB8-8B4A-11D0-8D11-00A0C91BC942}") = "ConcatStrings", "ConcatStrings\ConcatStrings.vcproj", "{21FC24B2-EB16-48F7-99DB-CAA3D33B3AC8}"
EndProject
Global
	GlobalSection(SolutionConfigurationPlatforms) = preSolution
		Debug|Win32 = Debug|Win32
		Release|Win32 = Release|Win32
	EndGlobalSection
	GlobalSection(ProjectConfigurationPlatforms) = postSolution
		{21FC24B2-EB16-48F7-99DB-CAA3D33B3AC8}.Debug|Win32.ActiveCfg = Debug|Win32
		{21FC24B2-EB16-48F7-99DB-CAA3D33B3AC8}.Debug|Win32.Build.0 = Debug|Win32
		{21FC24B2-EB16-48F7-99DB-CAA3D33B3AC8}.Release|Win32.ActiveCfg = Release|Win32
		{21FC24B2-EB16-48F7-99DB-CAA3D33B3AC8}.Release|Win32.Build.0 = Release|Win32
	EndGlobalSection
	GlobalSection(SolutionProperties) = preSolution
		HideSolutionNode = FALSE
	EndGlobalSection
EndGlobal
