
Microsoft Visual Studio Solution File, Format Version 10.00
# Visual C++ Express 2008
Project("{8BC9CEB8-8B4A-11D0-8D11-00A0C91BC942}") = "CalcArrayCubes", "CalcArrayCubes\CalcArrayCubes.vcproj", "{54A9762A-33D0-4BC8-A209-9F8F7BB36DCA}"
EndProject
Global
	GlobalSection(SolutionConfigurationPlatforms) = preSolution
		Debug|Win32 = Debug|Win32
		Release|Win32 = Release|Win32
	EndGlobalSection
	GlobalSection(ProjectConfigurationPlatforms) = postSolution
		{54A9762A-33D0-4BC8-A209-9F8F7BB36DCA}.Debug|Win32.ActiveCfg = Debug|Win32
		{54A9762A-33D0-4BC8-A209-9F8F7BB36DCA}.Debug|Win32.Build.0 = Debug|Win32
		{54A9762A-33D0-4BC8-A209-9F8F7BB36DCA}.Release|Win32.ActiveCfg = Release|Win32
		{54A9762A-33D0-4BC8-A209-9F8F7BB36DCA}.Release|Win32.Build.0 = Release|Win32
	EndGlobalSection
	GlobalSection(SolutionProperties) = preSolution
		HideSolutionNode = FALSE
	EndGlobalSection
EndGlobal
